# labels.lock: every label ever merged to main (docs/plan/02 §2.4, 06 §6.7).
# One line per label: `<label>  <page, relative to content/>`, sorted. New labels are added by
#   uv run python scripts/check_labels.py --update-lock
# which also updates the page of a moved label. Never delete a line: a label that is removed
# from the content keeps a tombstone instead, `<label> → <replacement label, or the reason>`.
calc-absolute-value-inequalities  calculus/preliminaries/absolute-value-and-inequalities.md
calc-subject  calculus/index.md
def-calc-absolute-value  calculus/preliminaries/absolute-value-and-inequalities.md
eg-calc-absolute-value-inequalities-abs-greater  calculus/preliminaries/absolute-value-and-inequalities.md
eg-calc-absolute-value-inequalities-abs-less  calculus/preliminaries/absolute-value-and-inequalities.md
eg-calc-absolute-value-inequalities-linear  calculus/preliminaries/absolute-value-and-inequalities.md
eg-calc-absolute-value-inequalities-punctured  calculus/preliminaries/absolute-value-and-inequalities.md
eg-calc-absolute-value-inequalities-quadratic  calculus/preliminaries/absolute-value-and-inequalities.md
eg-calc-absolute-value-inequalities-triangle-bound  calculus/preliminaries/absolute-value-and-inequalities.md
exr-calc-absolute-value-inequalities-abs-closed  calculus/preliminaries/absolute-value-and-inequalities.md
exr-calc-absolute-value-inequalities-abs-outside  calculus/preliminaries/absolute-value-and-inequalities.md
exr-calc-absolute-value-inequalities-abs-to-interval  calculus/preliminaries/absolute-value-and-inequalities.md
exr-calc-absolute-value-inequalities-close-points  calculus/preliminaries/absolute-value-and-inequalities.md
exr-calc-absolute-value-inequalities-compare-distances  calculus/preliminaries/absolute-value-and-inequalities.md
exr-calc-absolute-value-inequalities-cubic  calculus/preliminaries/absolute-value-and-inequalities.md
exr-calc-absolute-value-inequalities-difference-bound  calculus/preliminaries/absolute-value-and-inequalities.md
exr-calc-absolute-value-inequalities-evaluate  calculus/preliminaries/absolute-value-and-inequalities.md
exr-calc-absolute-value-inequalities-interval-to-abs  calculus/preliminaries/absolute-value-and-inequalities.md
exr-calc-absolute-value-inequalities-largest-delta  calculus/preliminaries/absolute-value-and-inequalities.md
exr-calc-absolute-value-inequalities-linear  calculus/preliminaries/absolute-value-and-inequalities.md
exr-calc-absolute-value-inequalities-punctured  calculus/preliminaries/absolute-value-and-inequalities.md
exr-calc-absolute-value-inequalities-quadratic  calculus/preliminaries/absolute-value-and-inequalities.md
exr-calc-absolute-value-inequalities-rational  calculus/preliminaries/absolute-value-and-inequalities.md
prop-calc-abs-interval  calculus/preliminaries/absolute-value-and-inequalities.md
rem-calc-absolute-value-properties  calculus/preliminaries/absolute-value-and-inequalities.md
site-errata  about/errata.md
site-home  index.md
site-how-to-read  about/how-to-read.md
site-notation  about/notation.md
site-status  about/status.md
sol-calc-absolute-value-inequalities-abs-closed  calculus/preliminaries/absolute-value-and-inequalities.md
sol-calc-absolute-value-inequalities-abs-outside  calculus/preliminaries/absolute-value-and-inequalities.md
sol-calc-absolute-value-inequalities-abs-to-interval  calculus/preliminaries/absolute-value-and-inequalities.md
sol-calc-absolute-value-inequalities-close-points  calculus/preliminaries/absolute-value-and-inequalities.md
sol-calc-absolute-value-inequalities-compare-distances  calculus/preliminaries/absolute-value-and-inequalities.md
sol-calc-absolute-value-inequalities-cubic  calculus/preliminaries/absolute-value-and-inequalities.md
sol-calc-absolute-value-inequalities-difference-bound  calculus/preliminaries/absolute-value-and-inequalities.md
sol-calc-absolute-value-inequalities-evaluate  calculus/preliminaries/absolute-value-and-inequalities.md
sol-calc-absolute-value-inequalities-interval-to-abs  calculus/preliminaries/absolute-value-and-inequalities.md
sol-calc-absolute-value-inequalities-largest-delta  calculus/preliminaries/absolute-value-and-inequalities.md
sol-calc-absolute-value-inequalities-linear  calculus/preliminaries/absolute-value-and-inequalities.md
sol-calc-absolute-value-inequalities-punctured  calculus/preliminaries/absolute-value-and-inequalities.md
sol-calc-absolute-value-inequalities-quadratic  calculus/preliminaries/absolute-value-and-inequalities.md
sol-calc-absolute-value-inequalities-rational  calculus/preliminaries/absolute-value-and-inequalities.md
thm-calc-triangle-inequality  calculus/preliminaries/absolute-value-and-inequalities.md
wdg-site-transformed-sine  about/how-to-read.md
