# labels.lock: every label ever merged to main (docs/plan/02 §2.4, 06 §6.7).
# One line per label: `<label>  <page, relative to content/>`, sorted. New labels are added by
#   uv run python scripts/check_labels.py --update-lock
# which also updates the page of a moved label. Never delete a line: a label that is removed
# from the content keeps a tombstone instead, `<label> → <replacement label, or the reason>`.
calc-functions  calculus/preliminaries/functions.md
calc-subject  calculus/index.md
def-calc-domain-range  calculus/preliminaries/functions.md
def-calc-even-odd  calculus/preliminaries/functions.md
def-calc-function  calculus/preliminaries/functions.md
def-calc-monotone  calculus/preliminaries/functions.md
eg-calc-functions-even-odd  calculus/preliminaries/functions.md
eg-calc-functions-monotone  calculus/preliminaries/functions.md
eg-calc-functions-natural-domain  calculus/preliminaries/functions.md
eg-calc-functions-pen  calculus/preliminaries/functions.md
eg-calc-functions-range-quadratic  calculus/preliminaries/functions.md
exr-calc-functions-box-domain  calculus/preliminaries/functions.md
exr-calc-functions-box-volume  calculus/preliminaries/functions.md
exr-calc-functions-cube-increasing  calculus/preliminaries/functions.md
exr-calc-functions-domain-rational  calculus/preliminaries/functions.md
exr-calc-functions-domain-root  calculus/preliminaries/functions.md
exr-calc-functions-even-odd-decomposition  calculus/preliminaries/functions.md
exr-calc-functions-monotone-parabola  calculus/preliminaries/functions.md
exr-calc-functions-odd-at-zero  calculus/preliminaries/functions.md
exr-calc-functions-odd-check  calculus/preliminaries/functions.md
exr-calc-functions-piecewise-range  calculus/preliminaries/functions.md
exr-calc-functions-range-quotient  calculus/preliminaries/functions.md
exr-calc-functions-range-reciprocal  calculus/preliminaries/functions.md
exr-calc-functions-sqrt-increasing  calculus/preliminaries/functions.md
exr-calc-functions-vertical-line  calculus/preliminaries/functions.md
site-errata  about/errata.md
site-home  index.md
site-how-to-read  about/how-to-read.md
site-notation  about/notation.md
site-status  about/status.md
sol-calc-functions-box-domain  calculus/preliminaries/functions.md
sol-calc-functions-box-volume  calculus/preliminaries/functions.md
sol-calc-functions-cube-increasing  calculus/preliminaries/functions.md
sol-calc-functions-domain-rational  calculus/preliminaries/functions.md
sol-calc-functions-domain-root  calculus/preliminaries/functions.md
sol-calc-functions-even-odd-decomposition  calculus/preliminaries/functions.md
sol-calc-functions-monotone-parabola  calculus/preliminaries/functions.md
sol-calc-functions-odd-at-zero  calculus/preliminaries/functions.md
sol-calc-functions-odd-check  calculus/preliminaries/functions.md
sol-calc-functions-piecewise-range  calculus/preliminaries/functions.md
sol-calc-functions-range-quotient  calculus/preliminaries/functions.md
sol-calc-functions-range-reciprocal  calculus/preliminaries/functions.md
sol-calc-functions-sqrt-increasing  calculus/preliminaries/functions.md
sol-calc-functions-vertical-line  calculus/preliminaries/functions.md
wdg-site-transformed-sine  about/how-to-read.md
