# labels.lock: every label ever merged to main (docs/plan/02 §2.4, 06 §6.7).
# One line per label: `<label>  <page, relative to content/>`, sorted. New labels are added by
#   uv run python scripts/check_labels.py --update-lock
# which also updates the page of a moved label. Never delete a line: a label that is removed
# from the content keeps a tombstone instead, `<label> → <replacement label, or the reason>`.
ax-calc-completeness  calculus/preliminaries/real-numbers-and-intervals.md
calc-absolute-value-inequalities  calculus/preliminaries/absolute-value-and-inequalities.md
calc-functions  calculus/preliminaries/functions.md
calc-limit  calculus/limits/limit-of-a-function.md
calc-polynomial-rational  calculus/preliminaries/polynomial-and-rational-functions.md
calc-real-numbers  calculus/preliminaries/real-numbers-and-intervals.md
calc-subject  calculus/index.md
cor-calc-polynomial-identity  calculus/preliminaries/polynomial-and-rational-functions.md
def-calc-absolute-value  calculus/preliminaries/absolute-value-and-inequalities.md
def-calc-bounded-above  calculus/preliminaries/real-numbers-and-intervals.md
def-calc-domain-range  calculus/preliminaries/functions.md
def-calc-even-odd  calculus/preliminaries/functions.md
def-calc-function  calculus/preliminaries/functions.md
def-calc-interval  calculus/preliminaries/real-numbers-and-intervals.md
def-calc-limit  calculus/limits/limit-of-a-function.md
def-calc-monotone  calculus/preliminaries/functions.md
def-calc-polynomial  calculus/preliminaries/polynomial-and-rational-functions.md
def-calc-rational-function  calculus/preliminaries/polynomial-and-rational-functions.md
def-calc-supremum  calculus/preliminaries/real-numbers-and-intervals.md
eg-calc-absolute-value-inequalities-abs-greater  calculus/preliminaries/absolute-value-and-inequalities.md
eg-calc-absolute-value-inequalities-abs-less  calculus/preliminaries/absolute-value-and-inequalities.md
eg-calc-absolute-value-inequalities-linear  calculus/preliminaries/absolute-value-and-inequalities.md
eg-calc-absolute-value-inequalities-punctured  calculus/preliminaries/absolute-value-and-inequalities.md
eg-calc-absolute-value-inequalities-quadratic  calculus/preliminaries/absolute-value-and-inequalities.md
eg-calc-absolute-value-inequalities-triangle-bound  calculus/preliminaries/absolute-value-and-inequalities.md
eg-calc-functions-even-odd  calculus/preliminaries/functions.md
eg-calc-functions-monotone  calculus/preliminaries/functions.md
eg-calc-functions-natural-domain  calculus/preliminaries/functions.md
eg-calc-functions-pen  calculus/preliminaries/functions.md
eg-calc-functions-range-quadratic  calculus/preliminaries/functions.md
eg-calc-limit-average-speed  calculus/limits/limit-of-a-function.md
eg-calc-limit-jump  calculus/limits/limit-of-a-function.md
eg-calc-limit-linear-eps-delta  calculus/limits/limit-of-a-function.md
eg-calc-limit-quadratic-eps-delta  calculus/limits/limit-of-a-function.md
eg-calc-limit-sin-1-over-x  calculus/limits/limit-of-a-function.md
eg-calc-limit-unbounded  calculus/limits/limit-of-a-function.md
eg-calc-polynomial-rational-box  calculus/preliminaries/polynomial-and-rational-functions.md
eg-calc-polynomial-rational-difference-quotient  calculus/preliminaries/polynomial-and-rational-functions.md
eg-calc-polynomial-rational-division  calculus/preliminaries/polynomial-and-rational-functions.md
eg-calc-polynomial-rational-factor-cubic  calculus/preliminaries/polynomial-and-rational-functions.md
eg-calc-polynomial-rational-sign-chart  calculus/preliminaries/polynomial-and-rational-functions.md
eg-calc-real-numbers-intersection-union  calculus/preliminaries/real-numbers-and-intervals.md
eg-calc-real-numbers-repeating-decimal  calculus/preliminaries/real-numbers-and-intervals.md
eg-calc-real-numbers-set-to-interval  calculus/preliminaries/real-numbers-and-intervals.md
eg-calc-real-numbers-tolerance  calculus/preliminaries/real-numbers-and-intervals.md
exr-calc-absolute-value-inequalities-abs-closed  calculus/preliminaries/absolute-value-and-inequalities.md
exr-calc-absolute-value-inequalities-abs-outside  calculus/preliminaries/absolute-value-and-inequalities.md
exr-calc-absolute-value-inequalities-abs-to-interval  calculus/preliminaries/absolute-value-and-inequalities.md
exr-calc-absolute-value-inequalities-close-points  calculus/preliminaries/absolute-value-and-inequalities.md
exr-calc-absolute-value-inequalities-compare-distances  calculus/preliminaries/absolute-value-and-inequalities.md
exr-calc-absolute-value-inequalities-cubic  calculus/preliminaries/absolute-value-and-inequalities.md
exr-calc-absolute-value-inequalities-difference-bound  calculus/preliminaries/absolute-value-and-inequalities.md
exr-calc-absolute-value-inequalities-evaluate  calculus/preliminaries/absolute-value-and-inequalities.md
exr-calc-absolute-value-inequalities-interval-to-abs  calculus/preliminaries/absolute-value-and-inequalities.md
exr-calc-absolute-value-inequalities-largest-delta  calculus/preliminaries/absolute-value-and-inequalities.md
exr-calc-absolute-value-inequalities-linear  calculus/preliminaries/absolute-value-and-inequalities.md
exr-calc-absolute-value-inequalities-punctured  calculus/preliminaries/absolute-value-and-inequalities.md
exr-calc-absolute-value-inequalities-quadratic  calculus/preliminaries/absolute-value-and-inequalities.md
exr-calc-absolute-value-inequalities-rational  calculus/preliminaries/absolute-value-and-inequalities.md
exr-calc-functions-box-domain  calculus/preliminaries/functions.md
exr-calc-functions-box-volume  calculus/preliminaries/functions.md
exr-calc-functions-cube-increasing  calculus/preliminaries/functions.md
exr-calc-functions-domain-rational  calculus/preliminaries/functions.md
exr-calc-functions-domain-root  calculus/preliminaries/functions.md
exr-calc-functions-even-odd-decomposition  calculus/preliminaries/functions.md
exr-calc-functions-monotone-parabola  calculus/preliminaries/functions.md
exr-calc-functions-odd-at-zero  calculus/preliminaries/functions.md
exr-calc-functions-odd-check  calculus/preliminaries/functions.md
exr-calc-functions-piecewise-range  calculus/preliminaries/functions.md
exr-calc-functions-range-quotient  calculus/preliminaries/functions.md
exr-calc-functions-range-reciprocal  calculus/preliminaries/functions.md
exr-calc-functions-sqrt-increasing  calculus/preliminaries/functions.md
exr-calc-functions-vertical-line  calculus/preliminaries/functions.md
exr-calc-limit-average-speed  calculus/limits/limit-of-a-function.md
exr-calc-limit-eps-delta-linear  calculus/limits/limit-of-a-function.md
exr-calc-limit-eps-delta-quadratic  calculus/limits/limit-of-a-function.md
exr-calc-limit-eps-delta-sqrt  calculus/limits/limit-of-a-function.md
exr-calc-limit-jump-which-eps  calculus/limits/limit-of-a-function.md
exr-calc-limit-large-values  calculus/limits/limit-of-a-function.md
exr-calc-limit-largest-delta-linear  calculus/limits/limit-of-a-function.md
exr-calc-limit-sin-pi-over-x  calculus/limits/limit-of-a-function.md
exr-calc-limit-table-estimate  calculus/limits/limit-of-a-function.md
exr-calc-limit-value-at-a  calculus/limits/limit-of-a-function.md
exr-calc-limit-widget-largest-delta  calculus/limits/limit-of-a-function.md
exr-calc-polynomial-rational-concentration  calculus/preliminaries/polynomial-and-rational-functions.md
exr-calc-polynomial-rational-degree  calculus/preliminaries/polynomial-and-rational-functions.md
exr-calc-polynomial-rational-difference-quotient  calculus/preliminaries/polynomial-and-rational-functions.md
exr-calc-polynomial-rational-division  calculus/preliminaries/polynomial-and-rational-functions.md
exr-calc-polynomial-rational-domain  calculus/preliminaries/polynomial-and-rational-functions.md
exr-calc-polynomial-rational-factor-check  calculus/preliminaries/polynomial-and-rational-functions.md
exr-calc-polynomial-rational-factor-cubic  calculus/preliminaries/polynomial-and-rational-functions.md
exr-calc-polynomial-rational-from-roots  calculus/preliminaries/polynomial-and-rational-functions.md
exr-calc-polynomial-rational-inequality  calculus/preliminaries/polynomial-and-rational-functions.md
exr-calc-polynomial-rational-inequality-hard  calculus/preliminaries/polynomial-and-rational-functions.md
exr-calc-polynomial-rational-integer-root  calculus/preliminaries/polynomial-and-rational-functions.md
exr-calc-polynomial-rational-remainder  calculus/preliminaries/polynomial-and-rational-functions.md
exr-calc-polynomial-rational-zeros  calculus/preliminaries/polynomial-and-rational-functions.md
exr-calc-real-numbers-complement  calculus/preliminaries/real-numbers-and-intervals.md
exr-calc-real-numbers-delayed-repeat  calculus/preliminaries/real-numbers-and-intervals.md
exr-calc-real-numbers-integers-in-interval  calculus/preliminaries/real-numbers-and-intervals.md
exr-calc-real-numbers-integers-rational  calculus/preliminaries/real-numbers-and-intervals.md
exr-calc-real-numbers-intersection  calculus/preliminaries/real-numbers-and-intervals.md
exr-calc-real-numbers-rational-between  calculus/preliminaries/real-numbers-and-intervals.md
exr-calc-real-numbers-repeating-decimal  calculus/preliminaries/real-numbers-and-intervals.md
exr-calc-real-numbers-sqrt3-irrational  calculus/preliminaries/real-numbers-and-intervals.md
exr-calc-real-numbers-supremum  calculus/preliminaries/real-numbers-and-intervals.md
exr-calc-real-numbers-to-interval  calculus/preliminaries/real-numbers-and-intervals.md
exr-calc-real-numbers-union  calculus/preliminaries/real-numbers-and-intervals.md
fig-calc-absolute-value-inequalities-neighbourhood  calculus/preliminaries/absolute-value-and-inequalities.md
fig-calc-functions-domain-range-shadows  calculus/preliminaries/functions.md
fig-calc-functions-increasing-vs-strictly  calculus/preliminaries/functions.md
fig-calc-functions-vertical-line-test  calculus/preliminaries/functions.md
fig-calc-real-numbers-diagonal  calculus/preliminaries/real-numbers-and-intervals.md
fig-calc-real-numbers-intervals  calculus/preliminaries/real-numbers-and-intervals.md
prf-calc-limit-unique  calculus/limits/limit-of-a-function.md
prop-calc-abs-interval  calculus/preliminaries/absolute-value-and-inequalities.md
prop-calc-rational-domain  calculus/preliminaries/polynomial-and-rational-functions.md
prop-calc-rational-sign  calculus/preliminaries/polynomial-and-rational-functions.md
prop-calc-sign-rules  calculus/preliminaries/polynomial-and-rational-functions.md
rem-calc-absolute-value-properties  calculus/preliminaries/absolute-value-and-inequalities.md
rem-calc-completeness-origin  calculus/preliminaries/real-numbers-and-intervals.md
rem-calc-limit-school-facts  calculus/limits/limit-of-a-function.md
rem-calc-limit-value-irrelevant  calculus/limits/limit-of-a-function.md
rem-calc-naturals-unbounded  calculus/preliminaries/real-numbers-and-intervals.md
rem-calc-sqrt4-rational  calculus/preliminaries/real-numbers-and-intervals.md
rem-calc-square-roots  calculus/preliminaries/real-numbers-and-intervals.md
site-errata  about/errata.md
site-home  index.md
site-how-to-read  about/how-to-read.md
site-notation  about/notation.md
site-status  about/status.md
sol-calc-absolute-value-inequalities-abs-closed  calculus/preliminaries/absolute-value-and-inequalities.md
sol-calc-absolute-value-inequalities-abs-outside  calculus/preliminaries/absolute-value-and-inequalities.md
sol-calc-absolute-value-inequalities-abs-to-interval  calculus/preliminaries/absolute-value-and-inequalities.md
sol-calc-absolute-value-inequalities-close-points  calculus/preliminaries/absolute-value-and-inequalities.md
sol-calc-absolute-value-inequalities-compare-distances  calculus/preliminaries/absolute-value-and-inequalities.md
sol-calc-absolute-value-inequalities-cubic  calculus/preliminaries/absolute-value-and-inequalities.md
sol-calc-absolute-value-inequalities-difference-bound  calculus/preliminaries/absolute-value-and-inequalities.md
sol-calc-absolute-value-inequalities-evaluate  calculus/preliminaries/absolute-value-and-inequalities.md
sol-calc-absolute-value-inequalities-interval-to-abs  calculus/preliminaries/absolute-value-and-inequalities.md
sol-calc-absolute-value-inequalities-largest-delta  calculus/preliminaries/absolute-value-and-inequalities.md
sol-calc-absolute-value-inequalities-linear  calculus/preliminaries/absolute-value-and-inequalities.md
sol-calc-absolute-value-inequalities-punctured  calculus/preliminaries/absolute-value-and-inequalities.md
sol-calc-absolute-value-inequalities-quadratic  calculus/preliminaries/absolute-value-and-inequalities.md
sol-calc-absolute-value-inequalities-rational  calculus/preliminaries/absolute-value-and-inequalities.md
sol-calc-functions-box-domain  calculus/preliminaries/functions.md
sol-calc-functions-box-volume  calculus/preliminaries/functions.md
sol-calc-functions-cube-increasing  calculus/preliminaries/functions.md
sol-calc-functions-domain-rational  calculus/preliminaries/functions.md
sol-calc-functions-domain-root  calculus/preliminaries/functions.md
sol-calc-functions-even-odd-decomposition  calculus/preliminaries/functions.md
sol-calc-functions-monotone-parabola  calculus/preliminaries/functions.md
sol-calc-functions-odd-at-zero  calculus/preliminaries/functions.md
sol-calc-functions-odd-check  calculus/preliminaries/functions.md
sol-calc-functions-piecewise-range  calculus/preliminaries/functions.md
sol-calc-functions-range-quotient  calculus/preliminaries/functions.md
sol-calc-functions-range-reciprocal  calculus/preliminaries/functions.md
sol-calc-functions-sqrt-increasing  calculus/preliminaries/functions.md
sol-calc-functions-vertical-line  calculus/preliminaries/functions.md
sol-calc-limit-average-speed  calculus/limits/limit-of-a-function.md
sol-calc-limit-eps-delta-linear  calculus/limits/limit-of-a-function.md
sol-calc-limit-eps-delta-quadratic  calculus/limits/limit-of-a-function.md
sol-calc-limit-eps-delta-sqrt  calculus/limits/limit-of-a-function.md
sol-calc-limit-jump-which-eps  calculus/limits/limit-of-a-function.md
sol-calc-limit-large-values  calculus/limits/limit-of-a-function.md
sol-calc-limit-largest-delta-linear  calculus/limits/limit-of-a-function.md
sol-calc-limit-sin-pi-over-x  calculus/limits/limit-of-a-function.md
sol-calc-limit-table-estimate  calculus/limits/limit-of-a-function.md
sol-calc-limit-value-at-a  calculus/limits/limit-of-a-function.md
sol-calc-limit-widget-largest-delta  calculus/limits/limit-of-a-function.md
sol-calc-polynomial-rational-concentration  calculus/preliminaries/polynomial-and-rational-functions.md
sol-calc-polynomial-rational-degree  calculus/preliminaries/polynomial-and-rational-functions.md
sol-calc-polynomial-rational-difference-quotient  calculus/preliminaries/polynomial-and-rational-functions.md
sol-calc-polynomial-rational-division  calculus/preliminaries/polynomial-and-rational-functions.md
sol-calc-polynomial-rational-domain  calculus/preliminaries/polynomial-and-rational-functions.md
sol-calc-polynomial-rational-factor-check  calculus/preliminaries/polynomial-and-rational-functions.md
sol-calc-polynomial-rational-factor-cubic  calculus/preliminaries/polynomial-and-rational-functions.md
sol-calc-polynomial-rational-from-roots  calculus/preliminaries/polynomial-and-rational-functions.md
sol-calc-polynomial-rational-inequality  calculus/preliminaries/polynomial-and-rational-functions.md
sol-calc-polynomial-rational-inequality-hard  calculus/preliminaries/polynomial-and-rational-functions.md
sol-calc-polynomial-rational-integer-root  calculus/preliminaries/polynomial-and-rational-functions.md
sol-calc-polynomial-rational-remainder  calculus/preliminaries/polynomial-and-rational-functions.md
sol-calc-polynomial-rational-zeros  calculus/preliminaries/polynomial-and-rational-functions.md
sol-calc-real-numbers-complement  calculus/preliminaries/real-numbers-and-intervals.md
sol-calc-real-numbers-delayed-repeat  calculus/preliminaries/real-numbers-and-intervals.md
sol-calc-real-numbers-integers-in-interval  calculus/preliminaries/real-numbers-and-intervals.md
sol-calc-real-numbers-integers-rational  calculus/preliminaries/real-numbers-and-intervals.md
sol-calc-real-numbers-intersection  calculus/preliminaries/real-numbers-and-intervals.md
sol-calc-real-numbers-rational-between  calculus/preliminaries/real-numbers-and-intervals.md
sol-calc-real-numbers-repeating-decimal  calculus/preliminaries/real-numbers-and-intervals.md
sol-calc-real-numbers-sqrt3-irrational  calculus/preliminaries/real-numbers-and-intervals.md
sol-calc-real-numbers-supremum  calculus/preliminaries/real-numbers-and-intervals.md
sol-calc-real-numbers-to-interval  calculus/preliminaries/real-numbers-and-intervals.md
sol-calc-real-numbers-union  calculus/preliminaries/real-numbers-and-intervals.md
thm-calc-factor-theorem  calculus/preliminaries/polynomial-and-rational-functions.md
thm-calc-limit-unique  calculus/limits/limit-of-a-function.md
thm-calc-polynomial-division  calculus/preliminaries/polynomial-and-rational-functions.md
thm-calc-polynomial-roots-bound  calculus/preliminaries/polynomial-and-rational-functions.md
thm-calc-sqrt2-irrational  calculus/preliminaries/real-numbers-and-intervals.md
thm-calc-triangle-inequality  calculus/preliminaries/absolute-value-and-inequalities.md
wdg-calc-limit-average-speed  calculus/limits/limit-of-a-function.md
wdg-calc-limit-eps-delta  calculus/limits/limit-of-a-function.md
wdg-calc-limit-misleading-table  calculus/limits/limit-of-a-function.md
wdg-calc-polynomial-rational-cubic-roots  calculus/preliminaries/polynomial-and-rational-functions.md
wdg-calc-polynomial-rational-sign-chart  calculus/preliminaries/polynomial-and-rational-functions.md
wdg-site-transformed-sine  about/how-to-read.md
