{
  "name": "maths",
  "lockfileVersion": 3,
  "requires": true,
  "packages": {
    "": {
      "name": "maths",
      "dependencies": {
        "mystmd": "1.11.0",
        "yaml": "^2.8.0"
      },
      "devDependencies": {
        "jsxgraph": "1.14.0"
      },
      "engines": {
        "node": ">=22"
      }
    },
    "node_modules/jsxgraph": {
      "version": "1.14.0",
      "resolved": "https://registry.npmjs.org/jsxgraph/-/jsxgraph-1.14.0.tgz",
      "integrity": "sha512-BXdiVqmSKDKNuLvux6lvio0dY4rQy0G0c+ZAhP2YSuCqobczlzRwOzUn6USmIiJQs6+hvPyrbUeQaeg0d0gbXg==",
      "dev": true,
      "license": "(MIT OR LGPL-3.0-or-later)",
      "engines": {
        "node": ">=20.19.0"
      }
    },
    "node_modules/mystmd": {
      "version": "1.11.0",
      "resolved": "https://registry.npmjs.org/mystmd/-/mystmd-1.11.0.tgz",
      "integrity": "sha512-m8dPhh3rpPdv0SrDZewZYkyf3EtcsRRQ284n8fOz/+7ouYUsXVUi1pTBOSCQzVe/JJxslY4jIgPi0OuXFJd3YA==",
      "license": "MIT",
      "bin": {
        "myst": "dist/myst.cjs"
      }
    },
    "node_modules/yaml": {
      "version": "2.9.1",
      "resolved": "https://registry.npmjs.org/yaml/-/yaml-2.9.1.tgz",
      "integrity": "sha512-3NxN8+78OdzbT7C/WjGsyfPAtJaN3FNDsWxv7Y7mcDsT/oOmgW8BpyQQFFBnvZE3j9Y2Sdz1ULFLezL7Eb2yFw==",
      "license": "ISC",
      "bin": {
        "yaml": "bin.mjs"
      },
      "engines": {
        "node": ">= 14.6"
      },
      "funding": {
        "url": "https://github.com/sponsors/eemeli"
      }
    }
  }
}
